
Microsoft Visual Studio Solution File, Format Version 12.00
# Visual Studio 15
VisualStudioVersion = 15.0.28307.1145
MinimumVisualStudioVersion = 10.0.40219.1
Project("{FAE04EC0-301F-11D3-BF4B-00C04F79EFBC}") = "Homework9_ParallelCrawler", "Homework9_ParallelCrawler\Homework9_ParallelCrawler.csproj", "{C25B81AB-E27C-4FE9-A635-BD010FBF4ABC}"
EndProject
Global
	GlobalSection(SolutionConfigurationPlatforms) = preSolution
		Debug|Any CPU = Debug|Any CPU
		Release|Any CPU = Release|Any CPU
	EndGlobalSection
	GlobalSection(ProjectConfigurationPlatforms) = postSolution
		{C25B81AB-E27C-4FE9-A635-BD010FBF4ABC}.Debug|Any CPU.ActiveCfg = Debug|Any CPU
		{C25B81AB-E27C-4FE9-A635-BD010FBF4ABC}.Debug|Any CPU.Build.0 = Debug|Any CPU
		{C25B81AB-E27C-4FE9-A635-BD010FBF4ABC}.Release|Any CPU.ActiveCfg = Release|Any CPU
		{C25B81AB-E27C-4FE9-A635-BD010FBF4ABC}.Release|Any CPU.Build.0 = Release|Any CPU
	EndGlobalSection
	GlobalSection(SolutionProperties) = preSolution
		HideSolutionNode = FALSE
	EndGlobalSection
	GlobalSection(ExtensibilityGlobals) = postSolution
		SolutionGuid = {258FE077-8D8E-4794-AC36-6F3FC04EFDFA}
	EndGlobalSection
EndGlobal
