
Microsoft Visual Studio Solution File, Format Version 12.00
# Visual Studio Version 16
VisualStudioVersion = 16.0.30114.105
MinimumVisualStudioVersion = 10.0.40219.1
Project("{FAE04EC0-301F-11D3-BF4B-00C04F79EFBC}") = "work2_1", "work2_1.csproj", "{A7FD7EFA-A09E-4AB0-88C1-AFBD91A7D3F0}"
EndProject
Global
	GlobalSection(SolutionConfigurationPlatforms) = preSolution
		Debug|Any CPU = Debug|Any CPU
		Release|Any CPU = Release|Any CPU
	EndGlobalSection
	GlobalSection(ProjectConfigurationPlatforms) = postSolution
		{A7FD7EFA-A09E-4AB0-88C1-AFBD91A7D3F0}.Debug|Any CPU.ActiveCfg = Debug|Any CPU
		{A7FD7EFA-A09E-4AB0-88C1-AFBD91A7D3F0}.Debug|Any CPU.Build.0 = Debug|Any CPU
		{A7FD7EFA-A09E-4AB0-88C1-AFBD91A7D3F0}.Release|Any CPU.ActiveCfg = Release|Any CPU
		{A7FD7EFA-A09E-4AB0-88C1-AFBD91A7D3F0}.Release|Any CPU.Build.0 = Release|Any CPU
	EndGlobalSection
	GlobalSection(SolutionProperties) = preSolution
		HideSolutionNode = FALSE
	EndGlobalSection
	GlobalSection(ExtensibilityGlobals) = postSolution
		SolutionGuid = {6403B328-9AB0-45FC-B3BD-35A177FD4F4B}
	EndGlobalSection
EndGlobal
