
Microsoft Visual Studio Solution File, Format Version 12.00
# Visual Studio Version 16
VisualStudioVersion = 16.0.30114.105
MinimumVisualStudioVersion = 10.0.40219.1
Project("{FAE04EC0-301F-11D3-BF4B-00C04F79EFBC}") = "csHomework1_CalculatorWin", "csHomework1_CalculatorWin.csproj", "{B08E1584-E07E-4A89-87B0-0128B51B2EE2}"
EndProject
Global
	GlobalSection(SolutionConfigurationPlatforms) = preSolution
		Debug|Any CPU = Debug|Any CPU
		Release|Any CPU = Release|Any CPU
	EndGlobalSection
	GlobalSection(ProjectConfigurationPlatforms) = postSolution
		{B08E1584-E07E-4A89-87B0-0128B51B2EE2}.Debug|Any CPU.ActiveCfg = Debug|Any CPU
		{B08E1584-E07E-4A89-87B0-0128B51B2EE2}.Debug|Any CPU.Build.0 = Debug|Any CPU
		{B08E1584-E07E-4A89-87B0-0128B51B2EE2}.Release|Any CPU.ActiveCfg = Release|Any CPU
		{B08E1584-E07E-4A89-87B0-0128B51B2EE2}.Release|Any CPU.Build.0 = Release|Any CPU
	EndGlobalSection
	GlobalSection(SolutionProperties) = preSolution
		HideSolutionNode = FALSE
	EndGlobalSection
	GlobalSection(ExtensibilityGlobals) = postSolution
		SolutionGuid = {7DBFC921-9C8D-453F-AA88-4544B4404DB6}
	EndGlobalSection
EndGlobal
