
Microsoft Visual Studio Solution File, Format Version 12.00
# Visual Studio 15
VisualStudioVersion = 15.0.28307.1145
MinimumVisualStudioVersion = 10.0.40219.1
Project("{FAE04EC0-301F-11D3-BF4B-00C04F79EFBC}") = "Homework_CayleyTree", "Homework_CayleyTree\Homework_CayleyTree.csproj", "{3FAECD72-57F0-4D4F-B7CB-929317FC0972}"
EndProject
Global
	GlobalSection(SolutionConfigurationPlatforms) = preSolution
		Debug|Any CPU = Debug|Any CPU
		Release|Any CPU = Release|Any CPU
	EndGlobalSection
	GlobalSection(ProjectConfigurationPlatforms) = postSolution
		{3FAECD72-57F0-4D4F-B7CB-929317FC0972}.Debug|Any CPU.ActiveCfg = Debug|Any CPU
		{3FAECD72-57F0-4D4F-B7CB-929317FC0972}.Debug|Any CPU.Build.0 = Debug|Any CPU
		{3FAECD72-57F0-4D4F-B7CB-929317FC0972}.Release|Any CPU.ActiveCfg = Release|Any CPU
		{3FAECD72-57F0-4D4F-B7CB-929317FC0972}.Release|Any CPU.Build.0 = Release|Any CPU
	EndGlobalSection
	GlobalSection(SolutionProperties) = preSolution
		HideSolutionNode = FALSE
	EndGlobalSection
	GlobalSection(ExtensibilityGlobals) = postSolution
		SolutionGuid = {575FDBD1-9437-4625-897E-F4CD29967868}
	EndGlobalSection
EndGlobal
